
Microsoft Visual Studio Solution File, Format Version 12.00
# Visual Studio Version 16
VisualStudioVersion = 16.0.28803.156
MinimumVisualStudioVersion = 10.0.40219.1
Project("{9A19103F-16F7-4668-BE54-9A1E7A4F7556}") = "Bot", "Bot\Bot.csproj", "{B6463DEE-522A-48E8-BDE8-932E70A12C67}"
EndProject
Project("{9A19103F-16F7-4668-BE54-9A1E7A4F7556}") = "Gui", "Gui\Gui.csproj", "{991CE751-A64C-4EDA-8447-98EF02B1118A}"
EndProject
Project("{9A19103F-16F7-4668-BE54-9A1E7A4F7556}") = "Bot.Abstractions", "Bot.Abstractions\Bot.Abstractions.csproj", "{4BE3E84C-8721-4566-BF09-F4BF78BBF9A2}"
EndProject
Project("{9A19103F-16F7-4668-BE54-9A1E7A4F7556}") = "IPC", "IPC\IPC.csproj", "{C9ABBA75-6398-43EF-9697-8B3EA841D689}"
EndProject
Project("{9A19103F-16F7-4668-BE54-9A1E7A4F7556}") = "IPC.Abstractions", "IPC.Abstractions\IPC.Abstractions.csproj", "{02DF229B-9382-4C00-A610-A8409F0A5CC0}"
EndProject
Project("{9A19103F-16F7-4668-BE54-9A1E7A4F7556}") = "Bot.Specifications", "Bot.Specifications\Bot.Specifications.csproj", "{C4B21D76-24E0-42CF-A9D8-9BCC8D043126}"
EndProject
Project("{9A19103F-16F7-4668-BE54-9A1E7A4F7556}") = "Specifications", "Specifications\Specifications.csproj", "{9EE24964-6BDA-4F86-ACB4-792E1E616472}"
EndProject
Project("{9A19103F-16F7-4668-BE54-9A1E7A4F7556}") = "Core", "Core\Core.csproj", "{96F56347-5898-4380-AE38-2FF776A3E65A}"
EndProject
Project("{2150E333-8FDC-42A3-9474-1A3956D46DE8}") = "Apps", "Apps", "{73A781F1-0C66-4D20-9DBE-E2EE6FAC947F}"
EndProject
Project("{2150E333-8FDC-42A3-9474-1A3956D46DE8}") = "Infrastructures", "Infrastructures", "{DB599078-67F8-41FD-A994-C5A1DCF34433}"
EndProject
Project("{2150E333-8FDC-42A3-9474-1A3956D46DE8}") = "Abstractions", "Abstractions", "{DFB191C1-5484-49AD-88AB-A4EE04F4E411}"
EndProject
Project("{2150E333-8FDC-42A3-9474-1A3956D46DE8}") = "Specifications", "Specifications", "{B55A4842-1138-4801-AAB7-F702BE749B30}"
EndProject
Project("{9A19103F-16F7-4668-BE54-9A1E7A4F7556}") = "WebBrowser.Abstractions", "WebBrowser.Abstractions\WebBrowser.Abstractions.csproj", "{8DA51E09-7201-431C-A4DF-CCE5819E54C9}"
EndProject
Project("{9A19103F-16F7-4668-BE54-9A1E7A4F7556}") = "WebBrowser", "WebBrowser\WebBrowser.csproj", "{3AEC7A09-127B-4CC6-8290-42B47FB392CF}"
EndProject
Global
	GlobalSection(SolutionConfigurationPlatforms) = preSolution
		Debug|Any CPU = Debug|Any CPU
		Release|Any CPU = Release|Any CPU
	EndGlobalSection
	GlobalSection(ProjectConfigurationPlatforms) = postSolution
		{B6463DEE-522A-48E8-BDE8-932E70A12C67}.Debug|Any CPU.ActiveCfg = Debug|Any CPU
		{B6463DEE-522A-48E8-BDE8-932E70A12C67}.Debug|Any CPU.Build.0 = Debug|Any CPU
		{B6463DEE-522A-48E8-BDE8-932E70A12C67}.Release|Any CPU.ActiveCfg = Release|Any CPU
		{B6463DEE-522A-48E8-BDE8-932E70A12C67}.Release|Any CPU.Build.0 = Release|Any CPU
		{991CE751-A64C-4EDA-8447-98EF02B1118A}.Debug|Any CPU.ActiveCfg = Debug|Any CPU
		{991CE751-A64C-4EDA-8447-98EF02B1118A}.Debug|Any CPU.Build.0 = Debug|Any CPU
		{991CE751-A64C-4EDA-8447-98EF02B1118A}.Release|Any CPU.ActiveCfg = Release|Any CPU
		{991CE751-A64C-4EDA-8447-98EF02B1118A}.Release|Any CPU.Build.0 = Release|Any CPU
		{4BE3E84C-8721-4566-BF09-F4BF78BBF9A2}.Debug|Any CPU.ActiveCfg = Debug|Any CPU
		{4BE3E84C-8721-4566-BF09-F4BF78BBF9A2}.Debug|Any CPU.Build.0 = Debug|Any CPU
		{4BE3E84C-8721-4566-BF09-F4BF78BBF9A2}.Release|Any CPU.ActiveCfg = Release|Any CPU
		{4BE3E84C-8721-4566-BF09-F4BF78BBF9A2}.Release|Any CPU.Build.0 = Release|Any CPU
		{C9ABBA75-6398-43EF-9697-8B3EA841D689}.Debug|Any CPU.ActiveCfg = Debug|Any CPU
		{C9ABBA75-6398-43EF-9697-8B3EA841D689}.Debug|Any CPU.Build.0 = Debug|Any CPU
		{C9ABBA75-6398-43EF-9697-8B3EA841D689}.Release|Any CPU.ActiveCfg = Release|Any CPU
		{C9ABBA75-6398-43EF-9697-8B3EA841D689}.Release|Any CPU.Build.0 = Release|Any CPU
		{02DF229B-9382-4C00-A610-A8409F0A5CC0}.Debug|Any CPU.ActiveCfg = Debug|Any CPU
		{02DF229B-9382-4C00-A610-A8409F0A5CC0}.Debug|Any CPU.Build.0 = Debug|Any CPU
		{02DF229B-9382-4C00-A610-A8409F0A5CC0}.Release|Any CPU.ActiveCfg = Release|Any CPU
		{02DF229B-9382-4C00-A610-A8409F0A5CC0}.Release|Any CPU.Build.0 = Release|Any CPU
		{C4B21D76-24E0-42CF-A9D8-9BCC8D043126}.Debug|Any CPU.ActiveCfg = Debug|Any CPU
		{C4B21D76-24E0-42CF-A9D8-9BCC8D043126}.Debug|Any CPU.Build.0 = Debug|Any CPU
		{C4B21D76-24E0-42CF-A9D8-9BCC8D043126}.Release|Any CPU.ActiveCfg = Release|Any CPU
		{C4B21D76-24E0-42CF-A9D8-9BCC8D043126}.Release|Any CPU.Build.0 = Release|Any CPU
		{9EE24964-6BDA-4F86-ACB4-792E1E616472}.Debug|Any CPU.ActiveCfg = Debug|Any CPU
		{9EE24964-6BDA-4F86-ACB4-792E1E616472}.Debug|Any CPU.Build.0 = Debug|Any CPU
		{9EE24964-6BDA-4F86-ACB4-792E1E616472}.Release|Any CPU.ActiveCfg = Release|Any CPU
		{9EE24964-6BDA-4F86-ACB4-792E1E616472}.Release|Any CPU.Build.0 = Release|Any CPU
		{96F56347-5898-4380-AE38-2FF776A3E65A}.Debug|Any CPU.ActiveCfg = Debug|Any CPU
		{96F56347-5898-4380-AE38-2FF776A3E65A}.Debug|Any CPU.Build.0 = Debug|Any CPU
		{96F56347-5898-4380-AE38-2FF776A3E65A}.Release|Any CPU.ActiveCfg = Release|Any CPU
		{96F56347-5898-4380-AE38-2FF776A3E65A}.Release|Any CPU.Build.0 = Release|Any CPU
		{8DA51E09-7201-431C-A4DF-CCE5819E54C9}.Debug|Any CPU.ActiveCfg = Debug|Any CPU
		{8DA51E09-7201-431C-A4DF-CCE5819E54C9}.Debug|Any CPU.Build.0 = Debug|Any CPU
		{8DA51E09-7201-431C-A4DF-CCE5819E54C9}.Release|Any CPU.ActiveCfg = Release|Any CPU
		{8DA51E09-7201-431C-A4DF-CCE5819E54C9}.Release|Any CPU.Build.0 = Release|Any CPU
		{3AEC7A09-127B-4CC6-8290-42B47FB392CF}.Debug|Any CPU.ActiveCfg = Debug|Any CPU
		{3AEC7A09-127B-4CC6-8290-42B47FB392CF}.Debug|Any CPU.Build.0 = Debug|Any CPU
		{3AEC7A09-127B-4CC6-8290-42B47FB392CF}.Release|Any CPU.ActiveCfg = Release|Any CPU
		{3AEC7A09-127B-4CC6-8290-42B47FB392CF}.Release|Any CPU.Build.0 = Release|Any CPU
	EndGlobalSection
	GlobalSection(SolutionProperties) = preSolution
		HideSolutionNode = FALSE
	EndGlobalSection
	GlobalSection(NestedProjects) = preSolution
		{B6463DEE-522A-48E8-BDE8-932E70A12C67} = {73A781F1-0C66-4D20-9DBE-E2EE6FAC947F}
		{991CE751-A64C-4EDA-8447-98EF02B1118A} = {73A781F1-0C66-4D20-9DBE-E2EE6FAC947F}
		{4BE3E84C-8721-4566-BF09-F4BF78BBF9A2} = {DFB191C1-5484-49AD-88AB-A4EE04F4E411}
		{C9ABBA75-6398-43EF-9697-8B3EA841D689} = {DB599078-67F8-41FD-A994-C5A1DCF34433}
		{02DF229B-9382-4C00-A610-A8409F0A5CC0} = {DFB191C1-5484-49AD-88AB-A4EE04F4E411}
		{C4B21D76-24E0-42CF-A9D8-9BCC8D043126} = {B55A4842-1138-4801-AAB7-F702BE749B30}
		{9EE24964-6BDA-4F86-ACB4-792E1E616472} = {B55A4842-1138-4801-AAB7-F702BE749B30}
		{8DA51E09-7201-431C-A4DF-CCE5819E54C9} = {DFB191C1-5484-49AD-88AB-A4EE04F4E411}
		{3AEC7A09-127B-4CC6-8290-42B47FB392CF} = {DB599078-67F8-41FD-A994-C5A1DCF34433}
	EndGlobalSection
	GlobalSection(ExtensibilityGlobals) = postSolution
		SolutionGuid = {E332318D-6E43-4DF6-9A6B-C7D853198F99}
	EndGlobalSection
EndGlobal
