
Microsoft Visual Studio Solution File, Format Version 12.00
Project("{FAE04EC0-301F-11D3-BF4B-00C04F79EFBC}") = "Crawler", "Crawler\Crawler.csproj", "{B6463DEE-522A-48E8-BDE8-932E70A12C67}"
EndProject
Project("{FAE04EC0-301F-11D3-BF4B-00C04F79EFBC}") = "Gui", "Gui\Gui.csproj", "{991CE751-A64C-4EDA-8447-98EF02B1118A}"
EndProject
Global
	GlobalSection(SolutionConfigurationPlatforms) = preSolution
		Debug|Any CPU = Debug|Any CPU
		Release|Any CPU = Release|Any CPU
	EndGlobalSection
	GlobalSection(ProjectConfigurationPlatforms) = postSolution
		{B6463DEE-522A-48E8-BDE8-932E70A12C67}.Debug|Any CPU.ActiveCfg = Debug|Any CPU
		{B6463DEE-522A-48E8-BDE8-932E70A12C67}.Debug|Any CPU.Build.0 = Debug|Any CPU
		{B6463DEE-522A-48E8-BDE8-932E70A12C67}.Release|Any CPU.ActiveCfg = Release|Any CPU
		{B6463DEE-522A-48E8-BDE8-932E70A12C67}.Release|Any CPU.Build.0 = Release|Any CPU
		{991CE751-A64C-4EDA-8447-98EF02B1118A}.Debug|Any CPU.ActiveCfg = Debug|Any CPU
		{991CE751-A64C-4EDA-8447-98EF02B1118A}.Debug|Any CPU.Build.0 = Debug|Any CPU
		{991CE751-A64C-4EDA-8447-98EF02B1118A}.Release|Any CPU.ActiveCfg = Release|Any CPU
		{991CE751-A64C-4EDA-8447-98EF02B1118A}.Release|Any CPU.Build.0 = Release|Any CPU
	EndGlobalSection
EndGlobal
