
Microsoft Visual Studio Solution File, Format Version 12.00
# Visual Studio 15
VisualStudioVersion = 15.0.28010.2046
MinimumVisualStudioVersion = 10.0.40219.1
Project("{9A19103F-16F7-4668-BE54-9A1E7A4F7556}") = "Crawler", "Crawler\Crawler.csproj", "{B6463DEE-522A-48E8-BDE8-932E70A12C67}"
EndProject
Project("{9A19103F-16F7-4668-BE54-9A1E7A4F7556}") = "Gui", "Gui\Gui.csproj", "{991CE751-A64C-4EDA-8447-98EF02B1118A}"
EndProject
Project("{9A19103F-16F7-4668-BE54-9A1E7A4F7556}") = "Crawler.Abstractions", "Crawler.Abstractions\Crawler.Abstractions.csproj", "{4BE3E84C-8721-4566-BF09-F4BF78BBF9A2}"
EndProject
Project("{9A19103F-16F7-4668-BE54-9A1E7A4F7556}") = "IPC", "IPC\IPC.csproj", "{C9ABBA75-6398-43EF-9697-8B3EA841D689}"
EndProject
Project("{9A19103F-16F7-4668-BE54-9A1E7A4F7556}") = "IPC.Abstractions", "IPC.Abstractions\IPC.Abstractions.csproj", "{02DF229B-9382-4C00-A610-A8409F0A5CC0}"
EndProject
Project("{9A19103F-16F7-4668-BE54-9A1E7A4F7556}") = "Crawler.Specifications", "Crawler.Specifications\Crawler.Specifications.csproj", "{C4B21D76-24E0-42CF-A9D8-9BCC8D043126}"
EndProject
Project("{9A19103F-16F7-4668-BE54-9A1E7A4F7556}") = "Specifications", "Specifications\Specifications.csproj", "{9EE24964-6BDA-4F86-ACB4-792E1E616472}"
EndProject
Project("{2150E333-8FDC-42A3-9474-1A3956D46DE8}") = "Requirements", "Requirements", "{EB9D75C2-3126-4A75-B61C-3A9955068896}"
EndProject
Project("{2150E333-8FDC-42A3-9474-1A3956D46DE8}") = "Crawler", "Crawler", "{4739E787-D36A-4E24-A6FB-29E724C2F3A4}"
EndProject
Project("{2150E333-8FDC-42A3-9474-1A3956D46DE8}") = "IPC", "IPC", "{3C6C454C-D7C0-4C31-8CAD-3D7F84A10978}"
EndProject
Project("{2150E333-8FDC-42A3-9474-1A3956D46DE8}") = "Implementations", "Implementations", "{F873688F-6952-4D35-B218-8B5AE76F29C1}"
EndProject
Project("{FAE04EC0-301F-11D3-BF4B-00C04F79EFBC}") = "Core", "Core\Core.csproj", "{96F56347-5898-4380-AE38-2FF776A3E65A}"
EndProject
Global
	GlobalSection(SolutionConfigurationPlatforms) = preSolution
		Debug|Any CPU = Debug|Any CPU
		Release|Any CPU = Release|Any CPU
	EndGlobalSection
	GlobalSection(ProjectConfigurationPlatforms) = postSolution
		{B6463DEE-522A-48E8-BDE8-932E70A12C67}.Debug|Any CPU.ActiveCfg = Debug|Any CPU
		{B6463DEE-522A-48E8-BDE8-932E70A12C67}.Debug|Any CPU.Build.0 = Debug|Any CPU
		{B6463DEE-522A-48E8-BDE8-932E70A12C67}.Release|Any CPU.ActiveCfg = Release|Any CPU
		{B6463DEE-522A-48E8-BDE8-932E70A12C67}.Release|Any CPU.Build.0 = Release|Any CPU
		{991CE751-A64C-4EDA-8447-98EF02B1118A}.Debug|Any CPU.ActiveCfg = Debug|Any CPU
		{991CE751-A64C-4EDA-8447-98EF02B1118A}.Debug|Any CPU.Build.0 = Debug|Any CPU
		{991CE751-A64C-4EDA-8447-98EF02B1118A}.Release|Any CPU.ActiveCfg = Release|Any CPU
		{991CE751-A64C-4EDA-8447-98EF02B1118A}.Release|Any CPU.Build.0 = Release|Any CPU
		{4BE3E84C-8721-4566-BF09-F4BF78BBF9A2}.Debug|Any CPU.ActiveCfg = Debug|Any CPU
		{4BE3E84C-8721-4566-BF09-F4BF78BBF9A2}.Debug|Any CPU.Build.0 = Debug|Any CPU
		{4BE3E84C-8721-4566-BF09-F4BF78BBF9A2}.Release|Any CPU.ActiveCfg = Release|Any CPU
		{4BE3E84C-8721-4566-BF09-F4BF78BBF9A2}.Release|Any CPU.Build.0 = Release|Any CPU
		{C9ABBA75-6398-43EF-9697-8B3EA841D689}.Debug|Any CPU.ActiveCfg = Debug|Any CPU
		{C9ABBA75-6398-43EF-9697-8B3EA841D689}.Debug|Any CPU.Build.0 = Debug|Any CPU
		{C9ABBA75-6398-43EF-9697-8B3EA841D689}.Release|Any CPU.ActiveCfg = Release|Any CPU
		{C9ABBA75-6398-43EF-9697-8B3EA841D689}.Release|Any CPU.Build.0 = Release|Any CPU
		{02DF229B-9382-4C00-A610-A8409F0A5CC0}.Debug|Any CPU.ActiveCfg = Debug|Any CPU
		{02DF229B-9382-4C00-A610-A8409F0A5CC0}.Debug|Any CPU.Build.0 = Debug|Any CPU
		{02DF229B-9382-4C00-A610-A8409F0A5CC0}.Release|Any CPU.ActiveCfg = Release|Any CPU
		{02DF229B-9382-4C00-A610-A8409F0A5CC0}.Release|Any CPU.Build.0 = Release|Any CPU
		{C4B21D76-24E0-42CF-A9D8-9BCC8D043126}.Debug|Any CPU.ActiveCfg = Debug|Any CPU
		{C4B21D76-24E0-42CF-A9D8-9BCC8D043126}.Debug|Any CPU.Build.0 = Debug|Any CPU
		{C4B21D76-24E0-42CF-A9D8-9BCC8D043126}.Release|Any CPU.ActiveCfg = Release|Any CPU
		{C4B21D76-24E0-42CF-A9D8-9BCC8D043126}.Release|Any CPU.Build.0 = Release|Any CPU
		{9EE24964-6BDA-4F86-ACB4-792E1E616472}.Debug|Any CPU.ActiveCfg = Debug|Any CPU
		{9EE24964-6BDA-4F86-ACB4-792E1E616472}.Debug|Any CPU.Build.0 = Debug|Any CPU
		{9EE24964-6BDA-4F86-ACB4-792E1E616472}.Release|Any CPU.ActiveCfg = Release|Any CPU
		{9EE24964-6BDA-4F86-ACB4-792E1E616472}.Release|Any CPU.Build.0 = Release|Any CPU
		{96F56347-5898-4380-AE38-2FF776A3E65A}.Debug|Any CPU.ActiveCfg = Debug|Any CPU
		{96F56347-5898-4380-AE38-2FF776A3E65A}.Debug|Any CPU.Build.0 = Debug|Any CPU
		{96F56347-5898-4380-AE38-2FF776A3E65A}.Release|Any CPU.ActiveCfg = Release|Any CPU
		{96F56347-5898-4380-AE38-2FF776A3E65A}.Release|Any CPU.Build.0 = Release|Any CPU
	EndGlobalSection
	GlobalSection(SolutionProperties) = preSolution
		HideSolutionNode = FALSE
	EndGlobalSection
	GlobalSection(NestedProjects) = preSolution
		{4BE3E84C-8721-4566-BF09-F4BF78BBF9A2} = {4739E787-D36A-4E24-A6FB-29E724C2F3A4}
		{02DF229B-9382-4C00-A610-A8409F0A5CC0} = {3C6C454C-D7C0-4C31-8CAD-3D7F84A10978}
		{C4B21D76-24E0-42CF-A9D8-9BCC8D043126} = {4739E787-D36A-4E24-A6FB-29E724C2F3A4}
		{9EE24964-6BDA-4F86-ACB4-792E1E616472} = {EB9D75C2-3126-4A75-B61C-3A9955068896}
		{4739E787-D36A-4E24-A6FB-29E724C2F3A4} = {EB9D75C2-3126-4A75-B61C-3A9955068896}
		{3C6C454C-D7C0-4C31-8CAD-3D7F84A10978} = {EB9D75C2-3126-4A75-B61C-3A9955068896}
		{B6463DEE-522A-48E8-BDE8-932E70A12C67} = {F873688F-6952-4D35-B218-8B5AE76F29C1}
		{C9ABBA75-6398-43EF-9697-8B3EA841D689} = {F873688F-6952-4D35-B218-8B5AE76F29C1}
	EndGlobalSection
	GlobalSection(ExtensibilityGlobals) = postSolution
		SolutionGuid = {E332318D-6E43-4DF6-9A6B-C7D853198F99}
	EndGlobalSection
EndGlobal
